github.com/Microsoft/go-winio v0.1.0 h1:oXNP2r5Zo/4BIEz0eZDS7zpi9vIoamhy5y1p3iWXEZs=
github.com/Microsoft/go-winio v0.1.0/go.mod h1:VhR8bwka0BXejwEJY73c50VrPtXAaKcyvVC4A4RozmA=
github.com/SvenDowideit/cpuid v0.0.0-20170710000921-dfdb6dba69f4 h1:O+K1RX9up7nZknq/c2O6YxlN7A0U9u6r+Tb1u+5sKz4=
github.com/SvenDowideit/cpuid v0.0.0-20170710000921-dfdb6dba69f4/go.mod h1:t9eLk9h/ZXgIb+h763OBXDbDFEsIW7iiHZV9+BdpRIE=
github.com/burmilla/candiedyaml v0.0.0-20190123020550-457a86017e98 h1:ClvQxCepZ2H0nQTgWArPcZcwRs3ogEuxN2C6mTcjFhI=
github.com/burmilla/candiedyaml v0.0.0-20190123020550-457a86017e98/go.mod h1:SXqDQvES2kJXB47FD76TzYunrFTi+Td7ITsi1iHrWHg=
github.com/burmilla/cli-1 v1.18.1-0.20160809210721-d2b9ba9c38eb h1:uznfwh7uqUYalAOCTMbLSC62mrP8usKP/06zYY/eT+E=
github.com/burmilla/cli-1 v1.18.1-0.20160809210721-d2b9ba9c38eb/go.mod h1:PkQL/yUgBLGxvjC8PbHkRREdJ+3klMxOITs3LADIois=
github.com/burmilla/containerd v0.2.1-0.20210501144658-c5695fa78c8c h1:ysaY6S+cFFEW1JMItouiP0iuXn/hYS6K774M0jucud8=
github.com/burmilla/containerd v0.2.1-0.20210501144658-c5695fa78c8c/go.mod h1:dx4xL25zuUBD4/fOQI2KGvdPL5CTfjY0pD8OcJTp/GE=
github.com/burmilla/docker v0.0.0-20210501162625-1447a2463bc3 h1:45ehpMlx8gSL2D7yUE+eStDwbwVj4HUVhPsAfeAH/tc=
github.com/burmilla/docker v0.0.0-20210501162625-1447a2463bc3/go.mod h1:NPEHLQ0lFwon7Hp+QBS1Jr7+ZYCFKx84F+jGhq56VyQ=
github.com/burmilla/netlink v0.0.0-20191127081807-b76f71f1d337 h1:fuYAeHPYWgkfY2ZOo0+MupaeJkq+jG+EqPjpPvZyDZo=
github.com/burmilla/netlink v0.0.0-20191127081807-b76f71f1d337/go.mod h1:Dwr9BWcoa6mp8yJi0SkKI9Rb62lKy8Lm3zKObEzsVLY=
github.com/burmilla/runc v0.0.5-0.20160531034625-edc34c4a8c1e h1:Oh7oL4II3gkqJHEP7sC4+fmabzeyziE/kADnGq3O7fQ=
github.com/burmilla/runc v0.0.5-0.20160531034625-edc34c4a8c1e/go.mod h1:6qgG62t66EZI+ChvQIbGBtkpCEJkHmHEwrObKZZhdxE=
github.com/compose-spec/compose-go v1.20.2 h1:u/yfZHn4EaHGdidrZycWpxXgFffjYULlTbRfJ51ykjQ=
github.com/compose-spec/compose-go v1.20.2/go.mod h1:+MdqXV4RA7wdFsahh/Kb8U0pAJqkg7mr4PM9tFKU8RM=
github.com/coreos/yaml v0.0.0-20141224210557-6b16a5714269 h1:/1sjrpK5Mb6IwyFOKd+u7321tXfNAsj0Ci8CivZmSlo=
github.com/coreos/yaml v0.0.0-20141224210557-6b16a5714269/go.mod h1:Bl1D/T9QJhVdu6eFoLrGxN90+admDLGaLz2HXH/VzDc=
github.com/davecgh/go-spew v1.1.0/go.mod h1:J7Y8YcW2NihsgmVo/mv3lAwl/skON4iLHjSsI+c5H38=
github.com/davecgh/go-spew v1.1.1 h1:vj9j/u1bqnvCEfJOwUhtlOARqs3+rkHYY13jYWTU97c=
github.com/davecgh/go-spew v1.1.1/go.mod h1:J7Y8YcW2NihsgmVo/mv3lAwl/skON4iLHjSsI+c5H38=
github.com/distribution/reference v0.5.0 h1:/FUIFXtfc/x2gpa5/VGfiGLuOIdYa1t65IKK2OFGvA0=
github.com/distribution/reference v0.5.0/go.mod h1:BbU0aIcezP1/5jX/8MP0YiH4SdvB5Y4f/wlDRiLyi3E=
github.com/docker/engine-api v0.3.3 h1:+qfDCFf8WGX2s5UgerD5BZtxMC8LySq4c6nH/mrwyn0=
github.com/docker/engine-api v0.3.3/go.mod h1:xtQCpzf4YysNZCVFfIGIm7qfLvYbxtLkEVVfKhTVOvw=
github.com/docker/go-units v0.5.0 h1:69rxXcBk27SvSaaxTtLh/8llcHD8vYHT7WSdRZ/jvr4=
github.com/docker/go-units v0.5.0/go.mod h1:fgPhTUdO+D/Jk86RDLlptpiXQzgHJF7gydDDbaIK4Dk=
github.com/docker/machine v0.3.0-rc1.0.20150728163540-4a8e93ac9bc2 h1:xMmpv6bPfOk/17rESS14ue1zcLejIukou/cRR4EKH6s=
github.com/docker/machine v0.3.0-rc1.0.20150728163540-4a8e93ac9bc2/go.mod h1:I8mPNDeK1uH+JTcUU7X0ZW8KiYz0jyAgNaeSJ1rCfDI=
github.com/fatih/structs v0.0.0-20160807235529-dc3312cb1a45 h1:SmGLF6DwUks6Rhs/aehI/q5S47HQpC/fE9TtQjunurs=
github.com/fatih/structs v0.0.0-20160807235529-dc3312cb1a45/go.mod h1:9NiDSp5zOcgEDl+j00MP/WkGVPOlPRLejGD8Ga6PJ7M=
github.com/flynn/go-shlex v0.0.0-20150515145356-3f9db97f8568 h1:BHsljHzVlRcyQhjrss6TZTdY2VfCqZPbv5k3iBFa2ZQ=
github.com/flynn/go-shlex v0.0.0-20150515145356-3f9db97f8568/go.mod h1:xEzjJPgXI435gkrCt3MPfRiAkVrwSbHsst4LCFVfpJc=
github.com/google/go-cmp v0.5.9 h1:O2Tfq5qg4qc4AmwVlvv0oLiVAGB7enBSJ2x2DqQFi38=
github.com/gopherjs/gopherjs v0.0.0-20181017120253-0766667cb4d1 h1:EGx4pi6eqNxGaHF6qqu48+N2wcFQ5qg5FXgOdqsJ5d8=
github.com/gopherjs/gopherjs v0.0.0-20181017120253-0766667cb4d1/go.mod h1:wJfORRmW1u3UXTncJ5qlYoELFm8eSnnEO6hX4iZ3EWY=
github.com/gorilla/context v0.0.0-20140604161150-14f550f51af5 h1:yCHB2BCyFu0V6ChUHb8sF2VodD5B0PAgPDoCxBE7ICQ=
github.com/gorilla/context v0.0.0-20140604161150-14f550f51af5/go.mod h1:kBGZzfjB9CEq2AlWe17Uuf7NDRt0dE0s8S51q0aT7Yg=
github.com/gorilla/mux v0.0.0-20140926153814-e444e69cbd2e h1:nH09qCdJVZxw0nRVfm14xjXkw2puLyLPN56n4u+vTC0=
github.com/gorilla/mux v0.0.0-20140926153814-e444e69cbd2e/go.mod h1:1lud6UwP+6orDFRuTfBEV8e9/aOM/c4fVVCaMa2zaAs=
github.com/j-keck/arping v0.0.0-20150107081615-4f4d2c8983a1 h1:wL6260WJk0W3Yp02/hmq0+nR8M7df8Sb+ZUqKD4EBfk=
github.com/j-keck/arping v0.0.0-20150107081615-4f4d2c8983a1/go.mod h1:ymszkNOg6tORTn+6F6j+Jc8TOr5osrynvN6ivFWZ2GA=
github.com/jtolds/gls v4.20.0+incompatible h1:xdiiI2gbIgH/gLH7ADydsJ1uDOEzR8yvV7C0MuV77Wo=
github.com/jtolds/gls v4.20.0+incompatible/go.mod h1:QJZ7F/aHp+rZTRtaJ1ow/lLfFfVYBRgL+9YlvaHOwJU=
github.com/mattn/go-shellwords v1.0.12 h1:M2zGm7EW6UQJvDeQxo4T51eKPurbeFbe8WtebGE2xrk=
github.com/mattn/go-shellwords v1.0.12/go.mod h1:EZzvwXDESEeg03EKmM+RmDnNOPKG4lLtQsUlTZDWQ8Y=
github.com/mitchellh/mapstructure v1.5.0 h1:jeMsZIYE/09sWLaz43PL7Gy6RuMjD2eJVyuac5Z2hdY=
github.com/mitchellh/mapstructure v1.5.0/go.mod h1:bFUtVrKA4DC2yAKiSyO/QUcy7e+RRV2QTWOzhPopBRo=
github.com/onsi/ginkgo v1.2.0 h1:PpLjPPi/pzx5+cUQ5bMEOa+Dd10mtqsg67lj9lQlqMA=
github.com/onsi/ginkgo v1.2.0/go.mod h1:lLunBs/Ym6LB5Z9jYTR76FiuTmxDTDusOGeTQH+WWjE=
github.com/onsi/gomega v1.1.0 h1:e3YP4dN/HYPpGh29X1ZkcxcEICsOls9huyVCRBaxjq8=
github.com/onsi/gomega v1.1.0/go.mod h1:C1qb7wdrVGGVU+Z6iS04AVkA3Q65CEZX59MT0QO5uiA=
github.com/opencontainers/go-digest v1.0.0 h1:apOUWs51W5PlhuyGyz9FCeeBIOUDA/6nW8Oi/yOhh5U=
github.com/opencontainers/go-digest v1.0.0/go.mod h1:0JzlMkj0TRzQZfJkVvzbP0HBR3IKzErnv2BNG4W4MAM=
github.com/packethost/packngo v0.1.0 h1:G/5zumXb2fbPm5MAM3y8MmugE66Ehpio5qx0IhdhTPc=
github.com/packethost/packngo v0.1.0/go.mod h1:otzZQXgoO96RTzDB/Hycg0qZcXZsWJGJRSXbmEIJ+4M=
github.com/pin/tftp v2.1.0+incompatible h1:Yng4J7jv6lOc6IF4XoB5mnd3P7ZrF60XQq+my3FAMus=
github.com/pin/tftp v2.1.0+incompatible/go.mod h1:xVpZOMCXTy+A5QMjEVN0Glwa1sUvaJhFXbr/aAxuxGY=
github.com/pkg/errors v0.9.1 h1:FEBLx1zS214owpjy7qsBeixbURkuhQAwrK5UwLGTwt4=
github.com/pkg/errors v0.9.1/go.mod h1:bwawxfHBFNV+L2hUp1rHADufV3IMtnDRdf1r5NINEl0=
github.com/pmezard/go-difflib v1.0.0 h1:4DBwDE0NGyQoBHbLQYPwSUPoCMWR5BEzIk/f1lZbAQM=
github.com/pmezard/go-difflib v1.0.0/go.mod h1:iKH77koFhYxTK1pcRnkKkqfTogsbg7gZNVY4sRDYZ/4=
github.com/ryanuber/go-glob v0.0.0-20140617171557-0067a9abd927 h1:gMFFdUWtzhwQZu11fvSMIxVXcTL8tXkr0kvBck7MR2M=
github.com/ryanuber/go-glob v0.0.0-20140617171557-0067a9abd927/go.mod h1:807d1WSdnB0XRJzKNil9Om6lcp/3a0v4qIHxIXzX/Yc=
github.com/sigma/bdoor v0.0.0-20160624225336-b9c82b7b3c0b h1:zXmsUi3mU3IIsyrCQJeEaTh+hFPFX4WaiGWE29uJoeA=
github.com/sigma/bdoor v0.0.0-20160624225336-b9c82b7b3c0b/go.mod h1:WBu7REWbxC/s/J06jsk//d+9DOz9BbsmcIrimuGRFbs=
github.com/sigma/vmw-guestinfo v0.0.0-20160204083807-95dd4126d6e8 h1:KGPVEH9zX2nj28zToXFBeap2KgOKmWrshKtuSgKOvDk=
github.com/sigma/vmw-guestinfo v0.0.0-20160204083807-95dd4126d6e8/go.mod h1:JrRFFC0veyh0cibh0DAhriSY7/gV3kDdNaVUOmfx01U=
github.com/sigma/vmw-ovflib v0.0.0-20150909143614-a99a06f1158f h1:2zaMnKMyUUztpQSfiTbFzWgyXt8ytvuwVLRjOrALuK4=
github.com/sigma/vmw-ovflib v0.0.0-20150909143614-a99a06f1158f/go.mod h1:q9NV7D9YHntGOV2o9x6YzAyj94wmxxSoead3EcjVvWI=
github.com/sirupsen/logrus v1.9.0 h1:trlNQbNUG3OdDrDil03MCb1H2o9nJ1x4/5LYw7byDE0=
github.com/sirupsen/logrus v1.9.0/go.mod h1:naHLuLoDiP4jHNo9R0sCBMtWGeIprob74mVsIT4qYEQ=
github.com/smartystreets/assertions v1.2.0 h1:42S6lae5dvLc7BrLu/0ugRtcFVjoJNMC/N3yZFZkDFs=
github.com/smartystreets/assertions v1.2.0/go.mod h1:tcbTF8ujkAEcZ8TElKY+i30BzYlVhC/LOxJk7iOWnoo=
github.com/smartystreets/goconvey v1.6.1 h1:oGLZf+eJB3IGD9JuRQ5faA6bgKiyWwAi/8bpni2Bo5I=
github.com/smartystreets/goconvey v1.6.1/go.mod h1:XDJAKZRPZ1CvBcN2aX5YOUTYGHki24fSF0Iv48Ibg0s=
github.com/stretchr/objx v0.1.0/go.mod h1:HFkY916IF+rwdDfMAkV7OtwuqBVzrE8GR6GFx+wExME=
github.com/stretchr/testify v1.7.0/go.mod h1:6Fq8oRcR53rry900zMqJjRRixrwX3KX962/h/Wwjteg=
github.com/stretchr/testify v1.8.4 h1:CcVxjf3Q8PM0mHUKJCdn+eZZtm5yQwehR5yeSVQQcUk=
github.com/stretchr/testify v1.8.4/go.mod h1:sz/lmYIOXD/1dqDmKjjqLyZ2RngseejIcXlSw2iwfAo=
github.com/tredoe/term v0.0.0-20161130133337-e551c64f56c0 h1:62GgUset6v9/OOwgp6G9G0T85xd1tSrxuJb6B32wfC0=
github.com/tredoe/term v0.0.0-20161130133337-e551c64f56c0/go.mod h1:KgcOI1tnP8CSXsT+9RJU/CYuGBjeJAXbhyG8ufn21jQ=
github.com/vbatts/tar-split v0.9.11 h1:zKLOYouE7iQtZjf96FTrxyw/F2+2UxautE3z7ylfs8E=
github.com/vbatts/tar-split v0.9.11/go.mod h1:LEuURwDEiWjRjwu46yU3KVGuUdVv/dcnpcEPSzR8z6g=
github.com/vishvananda/netns v0.0.0-20170219233438-54f0e4339ce7 h1:n630V+sEHbl2OrlWFxLoMoGPnUuniQ9eDvUaEmUdXaY=
github.com/vishvananda/netns v0.0.0-20170219233438-54f0e4339ce7/go.mod h1:ZjcWmFBXmLKZu9Nxj3WKYEafiSqer2rnvPr0en9UNpI=
github.com/vmware/vmw-guestinfo v0.0.0-20220317130741-510905f0efa3 h1:v6jG/tdl4O07LNVp74Nt7/OyL+1JsIW1M2f/nSvQheY=
github.com/vmware/vmw-guestinfo v0.0.0-20220317130741-510905f0efa3/go.mod h1:CSBTxrhePCm0cmXNKDGeu+6bOQzpaEklfCqEpn89JWk=
github.com/xeipuuv/gojsonpointer v0.0.0-20170225233418-6fe8760cad35 h1:0TnXeVP6mx+A4CBf8cQVkQfkhyGBQCmJcT4g6zKzm7M=
github.com/xeipuuv/gojsonpointer v0.0.0-20170225233418-6fe8760cad35/go.mod h1:N2zxlSyiKSe5eX1tZViRH5QA0qijqEDrYZiPEAiq3wU=
github.com/xeipuuv/gojsonreference v0.0.0-20150808065054-e02fc20de94c h1:XZWnr3bsDQWAZg4Ne+cPoXRPILrNlPNQfxBuwLl43is=
github.com/xeipuuv/gojsonreference v0.0.0-20150808065054-e02fc20de94c/go.mod h1:GwrjFmJcFw6At/Gs6z4yjiIwzuJ1/+UwLxMQDVQXShQ=
github.com/xeipuuv/gojsonschema v0.0.0-20170528113821-0c8571ac0ce1 h1:p7SJSlzQ0w/wo+yjj+lnaOsAFlC0AL+t6QWkR2P7X18=
github.com/xeipuuv/gojsonschema v0.0.0-20170528113821-0c8571ac0ce1/go.mod h1:5yf86TLmAcydyeJq5YvxkGPE2fm/u4myDekKRoLuqhs=
golang.org/x/crypto v0.0.0-20190308221718-c2843e01d9a2/go.mod h1:djNgcEr1/C05ACkg1iLfiJU5Ep61QUkGW8qpdssI0+w=
golang.org/x/crypto v0.0.0-20200622213623-75b288015ac9 h1:psW17arqaxU48Z5kZ0CQnkZWQJsqcURM6tKiBApRjXI=
golang.org/x/crypto v0.0.0-20200622213623-75b288015ac9/go.mod h1:LzIPMQfyMNhhGPhUkYOs5KpL4U8rLKemX1yGLhDgUto=
golang.org/x/exp v0.0.0-20230713183714-613f0c0eb8a1 h1:MGwJjxBy0HJshjDNfLsYO8xppfqWlA5ZT9OhtUUhTNw=
golang.org/x/exp v0.0.0-20230713183714-613f0c0eb8a1/go.mod h1:FXUEEKJgO7OQYeo8N01OfiKP8RXMtf6e8aTskBGqWdc=
golang.org/x/net v0.0.0-20190404232315-eb5bcb51f2a3/go.mod h1:t9HGtf8HONx5eT2rtn7q6eTqICYqUVnKs3thJo3Qplg=
golang.org/x/net v0.0.0-20210428185706-aea814203247 h1:Pap1LN5imD0Fxyt8DVZSjVexW87sL8GggcjhZGk3z3w=
golang.org/x/net v0.0.0-20210428185706-aea814203247/go.mod h1:/O7V0waA8r7cgGh81Ro3o1hOxt32SMVPicZroKQ2sZA=
golang.org/x/sync v0.3.0 h1:ftCYgMx6zT/asHUrPw8BLLscYtGznsLAnjq5RH9P66E=
golang.org/x/sync v0.3.0/go.mod h1:FU7BRWz2tNW+3quACPkgCx/L+uEAv1htQ0V83Z9Rj+Y=
golang.org/x/sys v0.0.0-20190215142949-d0b11bdaac8a/go.mod h1:STP8DvDyc/dI5b8T5hshtkjS+E42TnysNCUPdjciGhY=
golang.org/x/sys v0.0.0-20190412213103-97732733099d/go.mod h1:h1NjWce9XRLGQEsW7wpKNCjG9DtNlClVuFLEZdDNbEs=
golang.org/x/sys v0.0.0-20200323222414-85ca7c5b95cd/go.mod h1:h1NjWce9XRLGQEsW7wpKNCjG9DtNlClVuFLEZdDNbEs=
golang.org/x/sys v0.0.0-20220715151400-c0bba94af5f8/go.mod h1:oPkhp1MJrh7nUepCBck5+mAzfO9JrbApNNgaTdGDITg=
golang.org/x/sys v0.1.0 h1:kunALQeHf1/185U1i0GOB/fy1IPRDDpuoOOqRReG57U=
golang.org/x/sys v0.1.0/go.mod h1:oPkhp1MJrh7nUepCBck5+mAzfO9JrbApNNgaTdGDITg=
golang.org/x/text v0.3.0/go.mod h1:NqM8EUOU14njkJ3fqMW+pc6Ldnwhi/IjpwHt7yyuwOQ=
gopkg.in/check.v1 v0.0.0-20161208181325-20d25e280405 h1:yhCVgyC4o1eVCa2tZl7eS0r+SDo693bJlVdllGtEeKM=
gopkg.in/check.v1 v0.0.0-20161208181325-20d25e280405/go.mod h1:Co6ibVJAznAaIkqp8huTwlJQCZ016jof/cbN4VW5Yz0=
gopkg.in/yaml.v2 v2.4.0 h1:D8xgwECY7CYvx+Y2n4sBz93Jn9JRvxdiyyo8CTfuKaY=
gopkg.in/yaml.v2 v2.4.0/go.mod h1:RDklbk79AGWmwhnvt/jBztapEOGDOx6ZbXqjP6csGnQ=
gopkg.in/yaml.v3 v3.0.0-20200313102051-9f266ea9e77c/go.mod h1:K4uyk7z7BCEPqu6E+C64Yfv1cQ7kz7rIZviUmN+EgEM=
gopkg.in/yaml.v3 v3.0.1 h1:fxVm/GzAzEWqLHuvctI91KS9hhNmmWOoWu0XTYJS7CA=
gopkg.in/yaml.v3 v3.0.1/go.mod h1:K4uyk7z7BCEPqu6E+C64Yfv1cQ7kz7rIZviUmN+EgEM=
gotest.tools/v3 v3.4.0 h1:ZazjZUfuVeZGLAmlKKuyv3IKP5orXcwtOwDQH6YVr6o=
